# This file was autogenerated by Stack.
# You should not edit this file by hand.
# For more information, please see the documentation at:
#   https://docs.haskellstack.org/en/stable/topics/lock_files

packages:
- completed:
    hackage: ansi-wl-pprint-0.6.9@sha256:fb737bc96e2aef34ad595d54ced7a73f648c521ebcb00fe0679aff45ccd49212,2448
    pantry-tree:
      sha256: ebb02b32915c04146b193949c3c48d9e8200c152f38947e8d23ca25b0997e188
      size: 472
  original:
    hackage: ansi-wl-pprint-0.6.9@sha256:fb737bc96e2aef34ad595d54ced7a73f648c521ebcb00fe0679aff45ccd49212,2448
- completed:
    hackage: ansi-terminal-1.0.2@sha256:1f90bb88e670ce63fbf2c9216d50857f2419582f1c6791e542c3eab97ecfd364,2897
    pantry-tree:
      sha256: d4405abe08cf99c47f2af8534346492a5679e17a19529667b3eeddad4c0f0149
      size: 1184
  original:
    hackage: ansi-terminal-1.0.2@sha256:1f90bb88e670ce63fbf2c9216d50857f2419582f1c6791e542c3eab97ecfd364,2897
- completed:
    hackage: ansi-terminal-types-0.11.5@sha256:f78440dfd95c4509e88855ac7cc2d9566ddf956a92c1290404cac93ad1a1b00a,1482
    pantry-tree:
      sha256: 0a03e697837c4fae43543f3be0fcf9d88157ba637fbd1b656fc8bf79b1656a14
      size: 291
  original:
    hackage: ansi-terminal-types-0.11.5@sha256:f78440dfd95c4509e88855ac7cc2d9566ddf956a92c1290404cac93ad1a1b00a,1482
- completed:
    hackage: tls-1.9.0@sha256:8ad332dc0224decb1b137bf6c9678b4f786487b9aaa5c9068cd3ad19d42c39a7,5571
    pantry-tree:
      sha256: 91d022739795013aad4d5fee48ff5248623ed4cc83a611c9aa7c52e21766221b
      size: 4897
  original:
    hackage: tls-1.9.0@sha256:8ad332dc0224decb1b137bf6c9678b4f786487b9aaa5c9068cd3ad19d42c39a7,5571
- completed:
    commit: 9df069c47779901bfab3563bdd8a4381ced1bc50
    git: https://github.com/quintenkasteel/language-javascript.git
    name: language-javascript
    pantry-tree:
      sha256: 56876bd47d2ad643ab01b31b8edee2b1a3f334ff2e477faf9ac0b6f10884d0b1
      size: 21483
    version: 0.8.0.0
  original:
    commit: 9df069c47779901bfab3563bdd8a4381ced1bc50
    git: https://github.com/quintenkasteel/language-javascript.git
snapshots:
- completed:
    sha256: 9444fadfa30b67a93080254d53872478c087592ad64443e47c546cdcd13149ae
    size: 678857
    url: https://raw.githubusercontent.com/commercialhaskell/stackage-snapshots/master/lts/23/0.yaml
  original: lts-23.0
